
Microsoft Visual Studio Solution File, Format Version 12.00
# Visual Studio Version 16
VisualStudioVersion = 25.0.1706.12
MinimumVisualStudioVersion = 10.0.40219.1
Project("{FAE04EC0-301F-11D3-BF4B-00C04F79EFBC}") = "UmbracoTest", "UmbracoTest\UmbracoTest.csproj", "{5C26B09B-A5CE-4153-ADEF-BE1E49C08AC5}"
EndProject
Global
	GlobalSection(SolutionConfigurationPlatforms) = preSolution
		Debug|Any CPU = Debug|Any CPU
		Release|Any CPU = Release|Any CPU
	EndGlobalSection
	GlobalSection(ProjectConfigurationPlatforms) = postSolution
		{5C26B09B-A5CE-4153-ADEF-BE1E49C08AC5}.Debug|Any CPU.ActiveCfg = Debug|Any CPU
		{5C26B09B-A5CE-4153-ADEF-BE1E49C08AC5}.Debug|Any CPU.Build.0 = Debug|Any CPU
		{5C26B09B-A5CE-4153-ADEF-BE1E49C08AC5}.Release|Any CPU.ActiveCfg = Release|Any CPU
		{5C26B09B-A5CE-4153-ADEF-BE1E49C08AC5}.Release|Any CPU.Build.0 = Release|Any CPU
	EndGlobalSection
	GlobalSection(SolutionProperties) = preSolution
		HideSolutionNode = FALSE
	EndGlobalSection
	GlobalSection(ExtensibilityGlobals) = postSolution
		SolutionGuid = {16E77527-7D13-481F-9B35-4A3333CD9513}
	EndGlobalSection
EndGlobal
